{
  "name": "technojam-x",
  "version": "1.0.0",
  "lockfileVersion": 2,
  "requires": true,
  "packages": {
    "": {
      "name": "technojam-x",
      "version": "1.0.0",
      "license": "ISC",
      "dependencies": {
        "nex": "^2.0.22",
        "nextjs": "^0.0.3",
        "promises": "^0.2.5"
      }
    },
    "node_modules/harmonious": {
      "version": "0.5.18",
      "resolved": "https://registry.npmjs.org/harmonious/-/harmonious-0.5.18.tgz",
      "integrity": "sha512-lncKQFl5itHdU85I1qjpg4ypDqMBrAwDTB4oiAfdkujDuDllsHsH7Jp/GO0yi4fDyC6v3gpX9EKbgXIThbLziw==",
      "bundleDependencies": [
        "npmlog",
        "semver"
      ],
      "dependencies": {
        "npmlog": "0.1.1",
        "semver": "2.3.1"
      },
      "engines": {
        "node": ">= 0.8.26"
      }
    },
    "node_modules/nex": {
      "version": "2.0.22",
      "resolved": "https://registry.npmjs.org/nex/-/nex-2.0.22.tgz",
      "integrity": "sha512-5rHi4cYnlR89vTvaadGmnIQ4oHBO01vMaFC7tbIjFLY0GQe3Rq7dUoIiTGVxlNowr+kEU3MUiDrWa5bq4XH9dg==",
      "bundleDependencies": [
        "colors",
        "commander",
        "lodash",
        "npmlog",
        "npmlog-file",
        "rimraf"
      ],
      "dependencies": {
        "colors": "^0.6.2",
        "commander": "^2.2.0",
        "harmonious": "^0.5.4",
        "lodash": "^2.4.1",
        "nex-api": "^2.0.1",
        "npmlog": "^0.1.1",
        "npmlog-file": "^0.1.1",
        "rimraf": "^2.2.8"
      },
      "bin": {
        "nex": "index.js"
      },
      "engines": {
        "node": ">=0.11.12"
      }
    },
    "node_modules/nex-api": {
      "version": "2.0.3",
      "resolved": "https://registry.npmjs.org/nex-api/-/nex-api-2.0.3.tgz",
      "integrity": "sha512-Fwo7honIukewvlxo4JfiMXqPtGOWdJsgEr/xViwM6kl0Ngx2sxBg5nNlx0F5xZukrPrEKOCRfdUAzCMan+u0tQ=="
    },
    "node_modules/nextjs": {
      "version": "0.0.3",
      "resolved": "https://registry.npmjs.org/nextjs/-/nextjs-0.0.3.tgz",
      "integrity": "sha512-mYbDUo4/sRAZ8TqK63PCpYnFiLg7BICG/ot9+guOrUKd4/Fo71ZmEQ41IZbH6nqbQvG7SXTBuofJXAIWfNho0w==",
      "engines": {
        "node": ">=0.8.21"
      }
    },
    "node_modules/promises": {
      "version": "0.2.5",
      "resolved": "https://registry.npmjs.org/promises/-/promises-0.2.5.tgz",
      "integrity": "sha512-KHTer6YK1+aD2AcLiRuE3/ilZzw1UoX8v6DuTlDdF0oc5uOZlyWA+x2JwaO0bPB+E/JiRiUQmjfuNXiWlVD2tQ=="
    }
  },
  "dependencies": {
    "harmonious": {
      "version": "0.5.18",
      "resolved": "https://registry.npmjs.org/harmonious/-/harmonious-0.5.18.tgz",
      "integrity": "sha512-lncKQFl5itHdU85I1qjpg4ypDqMBrAwDTB4oiAfdkujDuDllsHsH7Jp/GO0yi4fDyC6v3gpX9EKbgXIThbLziw==",
      "requires": {
        "npmlog": "0.1.1",
        "semver": "2.3.1"
      }
    },
    "nex": {
      "version": "2.0.22",
      "resolved": "https://registry.npmjs.org/nex/-/nex-2.0.22.tgz",
      "integrity": "sha512-5rHi4cYnlR89vTvaadGmnIQ4oHBO01vMaFC7tbIjFLY0GQe3Rq7dUoIiTGVxlNowr+kEU3MUiDrWa5bq4XH9dg==",
      "requires": {
        "colors": "^0.6.2",
        "commander": "^2.2.0",
        "harmonious": "^0.5.4",
        "lodash": "^2.4.1",
        "nex-api": "^2.0.1",
        "npmlog": "^0.1.1",
        "npmlog-file": "^0.1.1",
        "rimraf": "^2.2.8"
      }
    },
    "nex-api": {
      "version": "2.0.3",
      "resolved": "https://registry.npmjs.org/nex-api/-/nex-api-2.0.3.tgz",
      "integrity": "sha512-Fwo7honIukewvlxo4JfiMXqPtGOWdJsgEr/xViwM6kl0Ngx2sxBg5nNlx0F5xZukrPrEKOCRfdUAzCMan+u0tQ=="
    },
    "nextjs": {
      "version": "0.0.3",
      "resolved": "https://registry.npmjs.org/nextjs/-/nextjs-0.0.3.tgz",
      "integrity": "sha512-mYbDUo4/sRAZ8TqK63PCpYnFiLg7BICG/ot9+guOrUKd4/Fo71ZmEQ41IZbH6nqbQvG7SXTBuofJXAIWfNho0w=="
    },
    "promises": {
      "version": "0.2.5",
      "resolved": "https://registry.npmjs.org/promises/-/promises-0.2.5.tgz",
      "integrity": "sha512-KHTer6YK1+aD2AcLiRuE3/ilZzw1UoX8v6DuTlDdF0oc5uOZlyWA+x2JwaO0bPB+E/JiRiUQmjfuNXiWlVD2tQ=="
    }
  }
}
